
Microsoft Visual Studio Solution File, Format Version 12.00
# Visual Studio 15
VisualStudioVersion = 15.0.28307.168
MinimumVisualStudioVersion = 10.0.40219.1
Project("{2150E333-8FDC-42A3-9474-1A3956D46DE8}") = "Minotaur.Services.Identity", "Minotaur.Services.Identity", "{889B4FCB-ACC0-4CB8-8A37-04CCFE967C6E}"
EndProject
Project("{2150E333-8FDC-42A3-9474-1A3956D46DE8}") = "Minotaur.Common", "Minotaur.Common", "{36DD5B72-D4E9-4732-8F72-747E38A776FA}"
EndProject
Project("{2150E333-8FDC-42A3-9474-1A3956D46DE8}") = "Minotaur.Services.Todo", "Minotaur.Services.Todo", "{7BB838FE-4A23-45F1-B4DC-F331153D1CDA}"
EndProject
Project("{2150E333-8FDC-42A3-9474-1A3956D46DE8}") = "src", "src", "{BE01B56D-76FC-4303-BC05-F10502EE782D}"
EndProject
Project("{2150E333-8FDC-42A3-9474-1A3956D46DE8}") = "src", "src", "{32C23373-770C-4CB7-8D2E-70B27C1FEDC5}"
EndProject
Project("{2150E333-8FDC-42A3-9474-1A3956D46DE8}") = "tests", "tests", "{D3CB0453-00A6-4874-9D82-F615C38DB130}"
EndProject
Project("{2150E333-8FDC-42A3-9474-1A3956D46DE8}") = "src", "src", "{C7D1B090-87D0-41FD-9E7E-64D25CBCDC7A}"
EndProject
Project("{2150E333-8FDC-42A3-9474-1A3956D46DE8}") = "tests", "tests", "{BBE24018-F5D0-4B7C-97C3-F772389868BA}"
EndProject
Project("{FAE04EC0-301F-11D3-BF4B-00C04F79EFBC}") = "Minotaur.Identity", "Minotaur.Identity\Minotaur.Identity.csproj", "{1143EFAC-C295-44F3-9021-BB17A7195C0E}"
EndProject
Project("{FAE04EC0-301F-11D3-BF4B-00C04F79EFBC}") = "Minotaur.Identity.Tests", "Minotaur.Identity.Tests\Minotaur.Identity.Tests.csproj", "{5842F6DE-3F58-4147-B381-289C3D3EEDF8}"
EndProject
Project("{FAE04EC0-301F-11D3-BF4B-00C04F79EFBC}") = "Minotaur.Todo", "Minotaur.Todo\Minotaur.Todo.csproj", "{9488DD39-B30D-42E5-BC5C-9567530D390F}"
EndProject
Project("{FAE04EC0-301F-11D3-BF4B-00C04F79EFBC}") = "Minotaur.Todo.Tests", "Minotaur.Todo.Tests\Minotaur.Todo.Tests\Minotaur.Todo.Tests.csproj", "{74982F0F-98AB-4710-888A-3345688F1E32}"
EndProject
Project("{FAE04EC0-301F-11D3-BF4B-00C04F79EFBC}") = "Minotaur.CommonParts", "Minotaur.CommonParts\Minotaur.CommonParts.csproj", "{AF24F333-D7FD-45AA-AAAF-6D49E9A4D3D0}"
EndProject
Global
	GlobalSection(SolutionConfigurationPlatforms) = preSolution
		Debug|Any CPU = Debug|Any CPU
		Release|Any CPU = Release|Any CPU
	EndGlobalSection
	GlobalSection(ProjectConfigurationPlatforms) = postSolution
		{1143EFAC-C295-44F3-9021-BB17A7195C0E}.Debug|Any CPU.ActiveCfg = Debug|Any CPU
		{1143EFAC-C295-44F3-9021-BB17A7195C0E}.Debug|Any CPU.Build.0 = Debug|Any CPU
		{1143EFAC-C295-44F3-9021-BB17A7195C0E}.Release|Any CPU.ActiveCfg = Release|Any CPU
		{1143EFAC-C295-44F3-9021-BB17A7195C0E}.Release|Any CPU.Build.0 = Release|Any CPU
		{5842F6DE-3F58-4147-B381-289C3D3EEDF8}.Debug|Any CPU.ActiveCfg = Debug|Any CPU
		{5842F6DE-3F58-4147-B381-289C3D3EEDF8}.Debug|Any CPU.Build.0 = Debug|Any CPU
		{5842F6DE-3F58-4147-B381-289C3D3EEDF8}.Release|Any CPU.ActiveCfg = Release|Any CPU
		{5842F6DE-3F58-4147-B381-289C3D3EEDF8}.Release|Any CPU.Build.0 = Release|Any CPU
		{9488DD39-B30D-42E5-BC5C-9567530D390F}.Debug|Any CPU.ActiveCfg = Debug|Any CPU
		{9488DD39-B30D-42E5-BC5C-9567530D390F}.Debug|Any CPU.Build.0 = Debug|Any CPU
		{9488DD39-B30D-42E5-BC5C-9567530D390F}.Release|Any CPU.ActiveCfg = Release|Any CPU
		{9488DD39-B30D-42E5-BC5C-9567530D390F}.Release|Any CPU.Build.0 = Release|Any CPU
		{74982F0F-98AB-4710-888A-3345688F1E32}.Debug|Any CPU.ActiveCfg = Debug|Any CPU
		{74982F0F-98AB-4710-888A-3345688F1E32}.Debug|Any CPU.Build.0 = Debug|Any CPU
		{74982F0F-98AB-4710-888A-3345688F1E32}.Release|Any CPU.ActiveCfg = Release|Any CPU
		{74982F0F-98AB-4710-888A-3345688F1E32}.Release|Any CPU.Build.0 = Release|Any CPU
		{AF24F333-D7FD-45AA-AAAF-6D49E9A4D3D0}.Debug|Any CPU.ActiveCfg = Debug|Any CPU
		{AF24F333-D7FD-45AA-AAAF-6D49E9A4D3D0}.Debug|Any CPU.Build.0 = Debug|Any CPU
		{AF24F333-D7FD-45AA-AAAF-6D49E9A4D3D0}.Release|Any CPU.ActiveCfg = Release|Any CPU
		{AF24F333-D7FD-45AA-AAAF-6D49E9A4D3D0}.Release|Any CPU.Build.0 = Release|Any CPU
	EndGlobalSection
	GlobalSection(SolutionProperties) = preSolution
		HideSolutionNode = FALSE
	EndGlobalSection
	GlobalSection(NestedProjects) = preSolution
		{BE01B56D-76FC-4303-BC05-F10502EE782D} = {36DD5B72-D4E9-4732-8F72-747E38A776FA}
		{32C23373-770C-4CB7-8D2E-70B27C1FEDC5} = {889B4FCB-ACC0-4CB8-8A37-04CCFE967C6E}
		{D3CB0453-00A6-4874-9D82-F615C38DB130} = {889B4FCB-ACC0-4CB8-8A37-04CCFE967C6E}
		{C7D1B090-87D0-41FD-9E7E-64D25CBCDC7A} = {7BB838FE-4A23-45F1-B4DC-F331153D1CDA}
		{BBE24018-F5D0-4B7C-97C3-F772389868BA} = {7BB838FE-4A23-45F1-B4DC-F331153D1CDA}
		{1143EFAC-C295-44F3-9021-BB17A7195C0E} = {32C23373-770C-4CB7-8D2E-70B27C1FEDC5}
		{5842F6DE-3F58-4147-B381-289C3D3EEDF8} = {D3CB0453-00A6-4874-9D82-F615C38DB130}
		{9488DD39-B30D-42E5-BC5C-9567530D390F} = {C7D1B090-87D0-41FD-9E7E-64D25CBCDC7A}
		{74982F0F-98AB-4710-888A-3345688F1E32} = {BBE24018-F5D0-4B7C-97C3-F772389868BA}
		{AF24F333-D7FD-45AA-AAAF-6D49E9A4D3D0} = {32C23373-770C-4CB7-8D2E-70B27C1FEDC5}
	EndGlobalSection
	GlobalSection(ExtensibilityGlobals) = postSolution
		SolutionGuid = {D40B4F5A-680F-49AF-9664-C343B8180649}
	EndGlobalSection
EndGlobal
